{
  "name": "potential-robot",
  "version": "1.0.0",
  "lockfileVersion": 2,
  "requires": true,
  "packages": {
    "": {
      "name": "potential-robot",
      "version": "1.0.0",
      "license": "UNLICENSED",
      "dependencies": {
        "@hyperionbt/helios": "0.13.2"
      }
    },
    "node_modules/@hyperionbt/helios": {
      "version": "0.13.2",
      "resolved": "https://registry.npmjs.org/@hyperionbt/helios/-/helios-0.13.2.tgz",
      "integrity": "sha512-KELsvsiIYup1PWTXspM7MSsmMSvt2h6jgy6Kbn/X6KnCdX4klfI6vwLtgcaF3r8QfGBHNyp2tkdhSXMRFYaofQ=="
    }
  },
  "dependencies": {
    "@hyperionbt/helios": {
      "version": "0.13.2",
      "resolved": "https://registry.npmjs.org/@hyperionbt/helios/-/helios-0.13.2.tgz",
      "integrity": "sha512-KELsvsiIYup1PWTXspM7MSsmMSvt2h6jgy6Kbn/X6KnCdX4klfI6vwLtgcaF3r8QfGBHNyp2tkdhSXMRFYaofQ=="
    }
  }
}
